# This file is automatically @generated by Poetry 1.6.1 and should not be changed by hand.

[[package]]
name = "brython"
version = "3.11.3"
description = "Brython is an implementation of Python 3 running in the browser"
optional = false
python-versions = ">=3.11"
files = [
    {file = "brython-3.11.3-py3-none-any.whl", hash = "sha256:a0332fdb630a759a5a8cff3a9d0ff0bcad34dd6ef600f0f7920d90bb52c92cc7"},
    {file = "brython-3.11.3.tar.gz", hash = "sha256:aac080464df0f208ddc22b1b667fcdd17c13abc3eeac4d8aca04dcd424fb625b"},
]

[metadata]
lock-version = "2.0"
python-versions = "^3.11"
content-hash = "8b3da76ad5320bd83616132e681eaa5b155ca72f4fe87a4852b6dde238c96805"
