[[package]]
name = "brython"
version = "3.11.0"
description = "Brython is an implementation of Python 3 running in the browser"
category = "dev"
optional = false
python-versions = "*"

[metadata]
lock-version = "1.1"
python-versions = "^3.10"
content-hash = "2abaeaa4089d9c1bc8fa87ee69a865fcf6555a383c83095ad6c4cc4a2ef15a52"

[metadata.files]
brython = [
    {file = "brython-3.11.0.tar.gz", hash = "sha256:94f32ef1a5969be13b77d9fedab275b662940114f0f94003b34da45016d93c82"},
]
