[[package]]
name = "brython"
version = "3.11.0"
description = "Brython is an implementation of Python 3 running in the browser"
category = "main"
optional = false
python-versions = "*"

[metadata]
lock-version = "1.1"
python-versions = "^3.10"
content-hash = "4b66ed6cbccf9156cbbd8e6d1396c596689b0bf4e7b56f0ba04acdefcf067cf6"

[metadata.files]
brython = [
    {file = "brython-3.11.0.tar.gz", hash = "sha256:94f32ef1a5969be13b77d9fedab275b662940114f0f94003b34da45016d93c82"},
]
